
Microsoft Visual Studio Solution File, Format Version 12.00
Project("{FAE04EC0-301F-11D3-BF4B-00C04F79EFBC}") = "CinemaTicketing.API", "src\CinemaTicketing.API\CinemaTicketing.API.csproj", "{B5C113EF-D5B6-4BB4-9438-655EAAFE35A9}"
EndProject
Project("{2150E333-8FDC-42A3-9474-1A3956D46DE8}") = "src", "src", "{F1E1C41C-C840-4728-86C0-C0F9195C74F1}"
EndProject
Project("{2150E333-8FDC-42A3-9474-1A3956D46DE8}") = "test", "test", "{FEF22D43-A749-479A-A30D-0DFCA69B9FBE}"
EndProject
Project("{FAE04EC0-301F-11D3-BF4B-00C04F79EFBC}") = "CinemaTicketing.Domain", "src\CinemaTicketing.Domain\CinemaTicketing.Domain.csproj", "{F9338438-A11A-4C1D-9A87-0B11E0FD8105}"
EndProject
Project("{FAE04EC0-301F-11D3-BF4B-00C04F79EFBC}") = "CinemaTicketing.Infrastructure", "src\CinemaTicketing.Infrastructure\CinemaTicketing.Infrastructure.csproj", "{A02BCCD5-158E-4F8B-AE77-554557BD8886}"
EndProject
Project("{2150E333-8FDC-42A3-9474-1A3956D46DE8}") = "Solution Items", "Solution Items", "{9386EA75-1F5E-4AED-93B2-35DD914792F3}"
	ProjectSection(SolutionItems) = preProject
		docker-compose-full.yml = docker-compose-full.yml
		qodana.yaml = qodana.yaml
		.github\workflows\build_dotnet.yml = .github\workflows\build_dotnet.yml
		.github\workflows\qodana_code_quality.yml = .github\workflows\qodana_code_quality.yml
	EndProjectSection
EndProject
Project("{FAE04EC0-301F-11D3-BF4B-00C04F79EFBC}") = "CinemaTicketing.Application", "src\CinemaTicketing.Application\CinemaTicketing.Application.csproj", "{3B32E4F2-0632-40CC-ACF7-001784032366}"
EndProject
Project("{FAE04EC0-301F-11D3-BF4B-00C04F79EFBC}") = "CinemaTicketing.Contracts", "src\CinemaTicketing.Contracts\CinemaTicketing.Contracts.csproj", "{60A66CE0-80A4-4FEB-BB6D-A4940087C007}"
EndProject
Project("{2150E333-8FDC-42A3-9474-1A3956D46DE8}") = "Docs", "Docs", "{0C59BF59-2D28-4E65-99B1-8C95DC2E5FC6}"
	ProjectSection(SolutionItems) = preProject
		docs\modelling.mmd = docs\modelling.mmd
		docs\requirements.md = docs\requirements.md
	EndProjectSection
EndProject
Project("{FAE04EC0-301F-11D3-BF4B-00C04F79EFBC}") = "CinemaTicketing.Api.UnitTests", "test\CinemaTicketing.Api.UnitTests\CinemaTicketing.Api.UnitTests.csproj", "{8E10383E-5799-4602-B5C2-6AC6E3FDA908}"
EndProject
Project("{FAE04EC0-301F-11D3-BF4B-00C04F79EFBC}") = "CinemaTicketing.Application.UnitTests", "test\CinemaTicketing.Application.UnitTests\CinemaTicketing.Application.UnitTests.csproj", "{167AB709-F8D6-445B-B954-45D5457082FE}"
EndProject
Project("{FAE04EC0-301F-11D3-BF4B-00C04F79EFBC}") = "CinemaTicketing.Tests.Utils", "test\CinemaTicketing.Tests.Utils\CinemaTicketing.Tests.Utils.csproj", "{3D16C27C-4918-4A2F-BDDD-7FB47D19EA47}"
EndProject
Project("{FAE04EC0-301F-11D3-BF4B-00C04F79EFBC}") = "CinemaTicketing.IntegrationTests", "test\CinemaTicketing.IntegrationTests\CinemaTicketing.IntegrationTests.csproj", "{4647DFF6-872A-43CD-AE2B-131063194944}"
EndProject
Project("{FAE04EC0-301F-11D3-BF4B-00C04F79EFBC}") = "CinemaTicketing.ArchitectureTests", "test\CinemaTicketing.ArchitectureTests\CinemaTicketing.ArchitectureTests.csproj", "{5C093E46-C8E2-4260-AA0A-63FF5E9052C8}"
EndProject
Global
	GlobalSection(SolutionConfigurationPlatforms) = preSolution
		Debug|Any CPU = Debug|Any CPU
		Release|Any CPU = Release|Any CPU
	EndGlobalSection
	GlobalSection(ProjectConfigurationPlatforms) = postSolution
		{B5C113EF-D5B6-4BB4-9438-655EAAFE35A9}.Debug|Any CPU.ActiveCfg = Debug|Any CPU
		{B5C113EF-D5B6-4BB4-9438-655EAAFE35A9}.Debug|Any CPU.Build.0 = Debug|Any CPU
		{B5C113EF-D5B6-4BB4-9438-655EAAFE35A9}.Release|Any CPU.ActiveCfg = Release|Any CPU
		{B5C113EF-D5B6-4BB4-9438-655EAAFE35A9}.Release|Any CPU.Build.0 = Release|Any CPU
		{F9338438-A11A-4C1D-9A87-0B11E0FD8105}.Debug|Any CPU.ActiveCfg = Debug|Any CPU
		{F9338438-A11A-4C1D-9A87-0B11E0FD8105}.Debug|Any CPU.Build.0 = Debug|Any CPU
		{F9338438-A11A-4C1D-9A87-0B11E0FD8105}.Release|Any CPU.ActiveCfg = Release|Any CPU
		{F9338438-A11A-4C1D-9A87-0B11E0FD8105}.Release|Any CPU.Build.0 = Release|Any CPU
		{A02BCCD5-158E-4F8B-AE77-554557BD8886}.Debug|Any CPU.ActiveCfg = Debug|Any CPU
		{A02BCCD5-158E-4F8B-AE77-554557BD8886}.Debug|Any CPU.Build.0 = Debug|Any CPU
		{A02BCCD5-158E-4F8B-AE77-554557BD8886}.Release|Any CPU.ActiveCfg = Release|Any CPU
		{A02BCCD5-158E-4F8B-AE77-554557BD8886}.Release|Any CPU.Build.0 = Release|Any CPU
		{3B32E4F2-0632-40CC-ACF7-001784032366}.Debug|Any CPU.ActiveCfg = Debug|Any CPU
		{3B32E4F2-0632-40CC-ACF7-001784032366}.Debug|Any CPU.Build.0 = Debug|Any CPU
		{3B32E4F2-0632-40CC-ACF7-001784032366}.Release|Any CPU.ActiveCfg = Release|Any CPU
		{3B32E4F2-0632-40CC-ACF7-001784032366}.Release|Any CPU.Build.0 = Release|Any CPU
		{60A66CE0-80A4-4FEB-BB6D-A4940087C007}.Debug|Any CPU.ActiveCfg = Debug|Any CPU
		{60A66CE0-80A4-4FEB-BB6D-A4940087C007}.Debug|Any CPU.Build.0 = Debug|Any CPU
		{60A66CE0-80A4-4FEB-BB6D-A4940087C007}.Release|Any CPU.ActiveCfg = Release|Any CPU
		{60A66CE0-80A4-4FEB-BB6D-A4940087C007}.Release|Any CPU.Build.0 = Release|Any CPU
		{8E10383E-5799-4602-B5C2-6AC6E3FDA908}.Debug|Any CPU.ActiveCfg = Debug|Any CPU
		{8E10383E-5799-4602-B5C2-6AC6E3FDA908}.Debug|Any CPU.Build.0 = Debug|Any CPU
		{8E10383E-5799-4602-B5C2-6AC6E3FDA908}.Release|Any CPU.ActiveCfg = Release|Any CPU
		{8E10383E-5799-4602-B5C2-6AC6E3FDA908}.Release|Any CPU.Build.0 = Release|Any CPU
		{167AB709-F8D6-445B-B954-45D5457082FE}.Debug|Any CPU.ActiveCfg = Debug|Any CPU
		{167AB709-F8D6-445B-B954-45D5457082FE}.Debug|Any CPU.Build.0 = Debug|Any CPU
		{167AB709-F8D6-445B-B954-45D5457082FE}.Release|Any CPU.ActiveCfg = Release|Any CPU
		{167AB709-F8D6-445B-B954-45D5457082FE}.Release|Any CPU.Build.0 = Release|Any CPU
		{3D16C27C-4918-4A2F-BDDD-7FB47D19EA47}.Debug|Any CPU.ActiveCfg = Debug|Any CPU
		{3D16C27C-4918-4A2F-BDDD-7FB47D19EA47}.Debug|Any CPU.Build.0 = Debug|Any CPU
		{3D16C27C-4918-4A2F-BDDD-7FB47D19EA47}.Release|Any CPU.ActiveCfg = Release|Any CPU
		{3D16C27C-4918-4A2F-BDDD-7FB47D19EA47}.Release|Any CPU.Build.0 = Release|Any CPU
		{4647DFF6-872A-43CD-AE2B-131063194944}.Debug|Any CPU.ActiveCfg = Debug|Any CPU
		{4647DFF6-872A-43CD-AE2B-131063194944}.Debug|Any CPU.Build.0 = Debug|Any CPU
		{4647DFF6-872A-43CD-AE2B-131063194944}.Release|Any CPU.ActiveCfg = Release|Any CPU
		{4647DFF6-872A-43CD-AE2B-131063194944}.Release|Any CPU.Build.0 = Release|Any CPU
		{5C093E46-C8E2-4260-AA0A-63FF5E9052C8}.Debug|Any CPU.ActiveCfg = Debug|Any CPU
		{5C093E46-C8E2-4260-AA0A-63FF5E9052C8}.Debug|Any CPU.Build.0 = Debug|Any CPU
		{5C093E46-C8E2-4260-AA0A-63FF5E9052C8}.Release|Any CPU.ActiveCfg = Release|Any CPU
		{5C093E46-C8E2-4260-AA0A-63FF5E9052C8}.Release|Any CPU.Build.0 = Release|Any CPU
	EndGlobalSection
	GlobalSection(NestedProjects) = preSolution
		{B5C113EF-D5B6-4BB4-9438-655EAAFE35A9} = {F1E1C41C-C840-4728-86C0-C0F9195C74F1}
		{F9338438-A11A-4C1D-9A87-0B11E0FD8105} = {F1E1C41C-C840-4728-86C0-C0F9195C74F1}
		{A02BCCD5-158E-4F8B-AE77-554557BD8886} = {F1E1C41C-C840-4728-86C0-C0F9195C74F1}
		{3B32E4F2-0632-40CC-ACF7-001784032366} = {F1E1C41C-C840-4728-86C0-C0F9195C74F1}
		{60A66CE0-80A4-4FEB-BB6D-A4940087C007} = {F1E1C41C-C840-4728-86C0-C0F9195C74F1}
		{8E10383E-5799-4602-B5C2-6AC6E3FDA908} = {FEF22D43-A749-479A-A30D-0DFCA69B9FBE}
		{167AB709-F8D6-445B-B954-45D5457082FE} = {FEF22D43-A749-479A-A30D-0DFCA69B9FBE}
		{3D16C27C-4918-4A2F-BDDD-7FB47D19EA47} = {FEF22D43-A749-479A-A30D-0DFCA69B9FBE}
		{4647DFF6-872A-43CD-AE2B-131063194944} = {FEF22D43-A749-479A-A30D-0DFCA69B9FBE}
		{5C093E46-C8E2-4260-AA0A-63FF5E9052C8} = {FEF22D43-A749-479A-A30D-0DFCA69B9FBE}
	EndGlobalSection
EndGlobal
